// !$*UTF8*$!
{
	archiveVersion = 1;
	classes = {
	};
	objectVersion = 46;
	objects = {

/* Begin PBXBuildFile section */
		1F48DB181DBCCBAA00BA2EB6 /* Assets.xcassets in Resources */ = {isa = PBXBuildFile; fileRef = 1F48DB171DBCCBAA00BA2EB6 /* Assets.xcassets */; };
		1F48DB1E1DBCD08B00BA2EB6 /* Light.swift in Sources */ = {isa = PBXBuildFile; fileRef = 1F48DB1D1DBCD08B00BA2EB6 /* Light.swift */; };
		1F48DB201DBCD7D700BA2EB6 /* LightView.swift in Sources */ = {isa = PBXBuildFile; fileRef = 1F48DB1F1DBCD7D700BA2EB6 /* LightView.swift */; };
		1F733FE31DBBE5AA00613A06 /* AppDelegate.swift in Sources */ = {isa = PBXBuildFile; fileRef = 1F733FE21DBBE5AA00613A06 /* AppDelegate.swift */; };
		1F733FE51DBBE5AA00613A06 /* ViewController.swift in Sources */ = {isa = PBXBuildFile; fileRef = 1F733FE41DBBE5AA00613A06 /* ViewController.swift */; };
		1F733FE81DBBE5AA00613A06 /* Main.storyboard in Resources */ = {isa = PBXBuildFile; fileRef = 1F733FE61DBBE5AA00613A06 /* Main.storyboard */; };
		1F733FED1DBBE5AA00613A06 /* LaunchScreen.storyboard in Resources */ = {isa = PBXBuildFile; fileRef = 1F733FEB1DBBE5AA00613A06 /* LaunchScreen.storyboard */; };
		77AB50E180B74E93E66E81F8 /* Pods_LightUUp.framework in Frameworks */ = {isa = PBXBuildFile; fileRef = 93D861681EA10B6EE04BA3BE /* Pods_LightUUp.framework */; };
/* End PBXBuildFile section */

/* Begin PBXFileReference section */
		1F48DB171DBCCBAA00BA2EB6 /* Assets.xcassets */ = {isa = PBXFileReference; lastKnownFileType = folder.assetcatalog; name = Assets.xcassets; path = Resources/Assets.xcassets; sourceTree = SOURCE_ROOT; };
		1F48DB1D1DBCD08B00BA2EB6 /* Light.swift */ = {isa = PBXFileReference; fileEncoding = 4; lastKnownFileType = sourcecode.swift; name = Light.swift; path = "Strings 'n' Stuff/Light.swift"; sourceTree = "<group>"; };
		1F48DB1F1DBCD7D700BA2EB6 /* LightView.swift */ = {isa = PBXFileReference; fileEncoding = 4; lastKnownFileType = sourcecode.swift; name = LightView.swift; path = Views/LightView.swift; sourceTree = "<group>"; };
		1F733FDF1DBBE5AA00613A06 /* LightUUp.app */ = {isa = PBXFileReference; explicitFileType = wrapper.application; includeInIndex = 0; path = LightUUp.app; sourceTree = BUILT_PRODUCTS_DIR; };
		1F733FE21DBBE5AA00613A06 /* AppDelegate.swift */ = {isa = PBXFileReference; lastKnownFileType = sourcecode.swift; path = AppDelegate.swift; sourceTree = "<group>"; };
		1F733FE41DBBE5AA00613A06 /* ViewController.swift */ = {isa = PBXFileReference; lastKnownFileType = sourcecode.swift; path = ViewController.swift; sourceTree = "<group>"; };
		1F733FE71DBBE5AA00613A06 /* Base */ = {isa = PBXFileReference; lastKnownFileType = file.storyboard; name = Base; path = Base.lproj/Main.storyboard; sourceTree = "<group>"; };
		1F733FEC1DBBE5AA00613A06 /* Base */ = {isa = PBXFileReference; lastKnownFileType = file.storyboard; name = Base; path = Base.lproj/LaunchScreen.storyboard; sourceTree = "<group>"; };
		1F733FEE1DBBE5AA00613A06 /* Info.plist */ = {isa = PBXFileReference; lastKnownFileType = text.plist.xml; path = Info.plist; sourceTree = "<group>"; };
		54386F57710AF7677645988F /* Pods-LightUUp.debug.xcconfig */ = {isa = PBXFileReference; includeInIndex = 1; lastKnownFileType = text.xcconfig; name = "Pods-LightUUp.debug.xcconfig"; path = "Pods/Target Support Files/Pods-LightUUp/Pods-LightUUp.debug.xcconfig"; sourceTree = "<group>"; };
		93D861681EA10B6EE04BA3BE /* Pods_LightUUp.framework */ = {isa = PBXFileReference; explicitFileType = wrapper.framework; includeInIndex = 0; path = Pods_LightUUp.framework; sourceTree = BUILT_PRODUCTS_DIR; };
		FE81C91D9C8CCE4864C86D95 /* Pods-LightUUp.release.xcconfig */ = {isa = PBXFileReference; includeInIndex = 1; lastKnownFileType = text.xcconfig; name = "Pods-LightUUp.release.xcconfig"; path = "Pods/Target Support Files/Pods-LightUUp/Pods-LightUUp.release.xcconfig"; sourceTree = "<group>"; };
/* End PBXFileReference section */

/* Begin PBXFrameworksBuildPhase section */
		1F733FDC1DBBE5AA00613A06 /* Frameworks */ = {
			isa = PBXFrameworksBuildPhase;
			buildActionMask = 2147483647;
			files = (
				77AB50E180B74E93E66E81F8 /* Pods_LightUUp.framework in Frameworks */,
			);
			runOnlyForDeploymentPostprocessing = 0;
		};
/* End PBXFrameworksBuildPhase section */

/* Begin PBXGroup section */
		1F48DB1A1DBCCE5300BA2EB6 /* Storyboards */ = {
			isa = PBXGroup;
			children = (
				1F733FE61DBBE5AA00613A06 /* Main.storyboard */,
				1F733FEB1DBBE5AA00613A06 /* LaunchScreen.storyboard */,
			);
			name = Storyboards;
			sourceTree = "<group>";
		};
		1F48DB1B1DBCCE8000BA2EB6 /* Views */ = {
			isa = PBXGroup;
			children = (
				1F48DB1F1DBCD7D700BA2EB6 /* LightView.swift */,
			);
			name = Views;
			sourceTree = "<group>";
		};
		1F48DB1C1DBCD06900BA2EB6 /* Strings 'n' Stuff */ = {
			isa = PBXGroup;
			children = (
				1F48DB1D1DBCD08B00BA2EB6 /* Light.swift */,
			);
			name = "Strings 'n' Stuff";
			sourceTree = "<group>";
		};
		1F733FD61DBBE5AA00613A06 = {
			isa = PBXGroup;
			children = (
				1F733FE11DBBE5AA00613A06 /* LightUUp */,
				1F733FE01DBBE5AA00613A06 /* Products */,
				295F691AE624D01B89928976 /* Pods */,
				D68CF7496CF390370996C607 /* Frameworks */,
			);
			sourceTree = "<group>";
		};
		1F733FE01DBBE5AA00613A06 /* Products */ = {
			isa = PBXGroup;
			children = (
				1F733FDF1DBBE5AA00613A06 /* LightUUp.app */,
			);
			name = Products;
			sourceTree = "<group>";
		};
		1F733FE11DBBE5AA00613A06 /* LightUUp */ = {
			isa = PBXGroup;
			children = (
				1F733FE21DBBE5AA00613A06 /* AppDelegate.swift */,
				1F733FE41DBBE5AA00613A06 /* ViewController.swift */,
				1F48DB1B1DBCCE8000BA2EB6 /* Views */,
				1F48DB1C1DBCD06900BA2EB6 /* Strings 'n' Stuff */,
				1F48DB1A1DBCCE5300BA2EB6 /* Storyboards */,
				1F48DB171DBCCBAA00BA2EB6 /* Assets.xcassets */,
				1F733FEE1DBBE5AA00613A06 /* Info.plist */,
			);
			path = LightUUp;
			sourceTree = "<group>";
		};
		295F691AE624D01B89928976 /* Pods */ = {
			isa = PBXGroup;
			children = (
				54386F57710AF7677645988F /* Pods-LightUUp.debug.xcconfig */,
				FE81C91D9C8CCE4864C86D95 /* Pods-LightUUp.release.xcconfig */,
			);
			name = Pods;
			sourceTree = "<group>";
		};
		D68CF7496CF390370996C607 /* Frameworks */ = {
			isa = PBXGroup;
			children = (
				93D861681EA10B6EE04BA3BE /* Pods_LightUUp.framework */,
			);
			name = Frameworks;
			sourceTree = "<group>";
		};
/* End PBXGroup section */

/* Begin PBXNativeTarget section */
		1F733FDE1DBBE5AA00613A06 /* LightUUp */ = {
			isa = PBXNativeTarget;
			buildConfigurationList = 1F733FF11DBBE5AA00613A06 /* Build configuration list for PBXNativeTarget "LightUUp" */;
			buildPhases = (
				36135F286248926FAF46A30D /* [CP] Check Pods Manifest.lock */,
				1F733FDB1DBBE5AA00613A06 /* Sources */,
				1F733FDC1DBBE5AA00613A06 /* Frameworks */,
				1F733FDD1DBBE5AA00613A06 /* Resources */,
				6FA3AE9FF0DCB8CB2986407B /* [CP] Embed Pods Frameworks */,
				6B5E18257B3459BC030F61A3 /* [CP] Copy Pods Resources */,
			);
			buildRules = (
			);
			dependencies = (
			);
			name = LightUUp;
			productName = LightUUp;
			productReference = 1F733FDF1DBBE5AA00613A06 /* LightUUp.app */;
			productType = "com.apple.product-type.application";
		};
/* End PBXNativeTarget section */

/* Begin PBXProject section */
		1F733FD71DBBE5AA00613A06 /* Project object */ = {
			isa = PBXProject;
			attributes = {
				LastSwiftUpdateCheck = 0800;
				LastUpgradeCheck = 0800;
				ORGANIZATIONNAME = "Fabian Ehlert";
				TargetAttributes = {
					1F733FDE1DBBE5AA00613A06 = {
						CreatedOnToolsVersion = 8.0;
						DevelopmentTeam = 8ZBZEMF37H;
						ProvisioningStyle = Automatic;
					};
				};
			};
			buildConfigurationList = 1F733FDA1DBBE5AA00613A06 /* Build configuration list for PBXProject "LightUUp" */;
			compatibilityVersion = "Xcode 3.2";
			developmentRegion = English;
			hasScannedForEncodings = 0;
			knownRegions = (
				en,
				Base,
			);
			mainGroup = 1F733FD61DBBE5AA00613A06;
			productRefGroup = 1F733FE01DBBE5AA00613A06 /* Products */;
			projectDirPath = "";
			projectRoot = "";
			targets = (
				1F733FDE1DBBE5AA00613A06 /* LightUUp */,
			);
		};
/* End PBXProject section */

/* Begin PBXResourcesBuildPhase section */
		1F733FDD1DBBE5AA00613A06 /* Resources */ = {
			isa = PBXResourcesBuildPhase;
			buildActionMask = 2147483647;
			files = (
				1F733FED1DBBE5AA00613A06 /* LaunchScreen.storyboard in Resources */,
				1F48DB181DBCCBAA00BA2EB6 /* Assets.xcassets in Resources */,
				1F733FE81DBBE5AA00613A06 /* Main.storyboard in Resources */,
			);
			runOnlyForDeploymentPostprocessing = 0;
		};
/* End PBXResourcesBuildPhase section */

/* Begin PBXShellScriptBuildPhase section */
		36135F286248926FAF46A30D /* [CP] Check Pods Manifest.lock */ = {
			isa = PBXShellScriptBuildPhase;
			buildActionMask = 2147483647;
			files = (
			);
			inputPaths = (
			);
			name = "[CP] Check Pods Manifest.lock";
			outputPaths = (
			);
			runOnlyForDeploymentPostprocessing = 0;
			shellPath = /bin/sh;
			shellScript = "diff \"${PODS_ROOT}/../Podfile.lock\" \"${PODS_ROOT}/Manifest.lock\" > /dev/null\nif [ $? != 0 ] ; then\n    # print error to STDERR\n    echo \"error: The sandbox is not in sync with the Podfile.lock. Run 'pod install' or update your CocoaPods installation.\" >&2\n    exit 1\nfi\n";
			showEnvVarsInLog = 0;
		};
		6B5E18257B3459BC030F61A3 /* [CP] Copy Pods Resources */ = {
			isa = PBXShellScriptBuildPhase;
			buildActionMask = 2147483647;
			files = (
			);
			inputPaths = (
			);
			name = "[CP] Copy Pods Resources";
			outputPaths = (
			);
			runOnlyForDeploymentPostprocessing = 0;
			shellPath = /bin/sh;
			shellScript = "\"${SRCROOT}/Pods/Target Support Files/Pods-LightUUp/Pods-LightUUp-resources.sh\"\n";
			showEnvVarsInLog = 0;
		};
		6FA3AE9FF0DCB8CB2986407B /* [CP] Embed Pods Frameworks */ = {
			isa = PBXShellScriptBuildPhase;
			buildActionMask = 2147483647;
			files = (
			);
			inputPaths = (
			);
			name = "[CP] Embed Pods Frameworks";
			outputPaths = (
			);
			runOnlyForDeploymentPostprocessing = 0;
			shellPath = /bin/sh;
			shellScript = "\"${SRCROOT}/Pods/Target Support Files/Pods-LightUUp/Pods-LightUUp-frameworks.sh\"\n";
			showEnvVarsInLog = 0;
		};
/* End PBXShellScriptBuildPhase section */

/* Begin PBXSourcesBuildPhase section */
		1F733FDB1DBBE5AA00613A06 /* Sources */ = {
			isa = PBXSourcesBuildPhase;
			buildActionMask = 2147483647;
			files = (
				1F733FE51DBBE5AA00613A06 /* ViewController.swift in Sources */,
				1F48DB201DBCD7D700BA2EB6 /* LightView.swift in Sources */,
				1F48DB1E1DBCD08B00BA2EB6 /* Light.swift in Sources */,
				1F733FE31DBBE5AA00613A06 /* AppDelegate.swift in Sources */,
			);
			runOnlyForDeploymentPostprocessing = 0;
		};
/* End PBXSourcesBuildPhase section */

/* Begin PBXVariantGroup section */
		1F733FE61DBBE5AA00613A06 /* Main.storyboard */ = {
			isa = PBXVariantGroup;
			children = (
				1F733FE71DBBE5AA00613A06 /* Base */,
			);
			name = Main.storyboard;
			sourceTree = "<group>";
		};
		1F733FEB1DBBE5AA00613A06 /* LaunchScreen.storyboard */ = {
			isa = PBXVariantGroup;
			children = (
				1F733FEC1DBBE5AA00613A06 /* Base */,
			);
			name = LaunchScreen.storyboard;
			sourceTree = "<group>";
		};
/* End PBXVariantGroup section */

/* Begin XCBuildConfiguration section */
		1F733FEF1DBBE5AA00613A06 /* Debug */ = {
			isa = XCBuildConfiguration;
			buildSettings = {
				ALWAYS_SEARCH_USER_PATHS = NO;
				CLANG_ANALYZER_NONNULL = YES;
				CLANG_CXX_LANGUAGE_STANDARD = "gnu++0x";
				CLANG_CXX_LIBRARY = "libc++";
				CLANG_ENABLE_MODULES = YES;
				CLANG_ENABLE_OBJC_ARC = YES;
				CLANG_WARN_BOOL_CONVERSION = YES;
				CLANG_WARN_CONSTANT_CONVERSION = YES;
				CLANG_WARN_DIRECT_OBJC_ISA_USAGE = YES_ERROR;
				CLANG_WARN_DOCUMENTATION_COMMENTS = YES;
				CLANG_WARN_EMPTY_BODY = YES;
				CLANG_WARN_ENUM_CONVERSION = YES;
				CLANG_WARN_INFINITE_RECURSION = YES;
				CLANG_WARN_INT_CONVERSION = YES;
				CLANG_WARN_OBJC_ROOT_CLASS = YES_ERROR;
				CLANG_WARN_SUSPICIOUS_MOVES = YES;
				CLANG_WARN_UNREACHABLE_CODE = YES;
				CLANG_WARN__DUPLICATE_METHOD_MATCH = YES;
				"CODE_SIGN_IDENTITY[sdk=iphoneos*]" = "iPhone Developer";
				COPY_PHASE_STRIP = NO;
				DEBUG_INFORMATION_FORMAT = dwarf;
				ENABLE_STRICT_OBJC_MSGSEND = YES;
				ENABLE_TESTABILITY = YES;
				GCC_C_LANGUAGE_STANDARD = gnu99;
				GCC_DYNAMIC_NO_PIC = NO;
				GCC_NO_COMMON_BLOCKS = YES;
				GCC_OPTIMIZATION_LEVEL = 0;
				GCC_PREPROCESSOR_DEFINITIONS = (
					"DEBUG=1",
					"$(inherited)",
				);
				GCC_WARN_64_TO_32_BIT_CONVERSION = YES;
				GCC_WARN_ABOUT_RETURN_TYPE = YES_ERROR;
				GCC_WARN_UNDECLARED_SELECTOR = YES;
				GCC_WARN_UNINITIALIZED_AUTOS = YES_AGGRESSIVE;
				GCC_WARN_UNUSED_FUNCTION = YES;
				GCC_WARN_UNUSED_VARIABLE = YES;
				IPHONEOS_DEPLOYMENT_TARGET = 9.3;
				MTL_ENABLE_DEBUG_INFO = YES;
				ONLY_ACTIVE_ARCH = YES;
				SDKROOT = iphoneos;
				SWIFT_ACTIVE_COMPILATION_CONDITIONS = DEBUG;
				SWIFT_OPTIMIZATION_LEVEL = "-Onone";
				TARGETED_DEVICE_FAMILY = "1,2";
			};
			name = Debug;
		};
		1F733FF01DBBE5AA00613A06 /* Release */ = {
			isa = XCBuildConfiguration;
			buildSettings = {
				ALWAYS_SEARCH_USER_PATHS = NO;
				CLANG_ANALYZER_NONNULL = YES;
				CLANG_CXX_LANGUAGE_STANDARD = "gnu++0x";
				CLANG_CXX_LIBRARY = "libc++";
				CLANG_ENABLE_MODULES = YES;
				CLANG_ENABLE_OBJC_ARC = YES;
				CLANG_WARN_BOOL_CONVERSION = YES;
				CLANG_WARN_CONSTANT_CONVERSION = YES;
				CLANG_WARN_DIRECT_OBJC_ISA_USAGE = YES_ERROR;
				CLANG_WARN_DOCUMENTATION_COMMENTS = YES;
				CLANG_WARN_EMPTY_BODY = YES;
				CLANG_WARN_ENUM_CONVERSION = YES;
				CLANG_WARN_INFINITE_RECURSION = YES;
				CLANG_WARN_INT_CONVERSION = YES;
				CLANG_WARN_OBJC_ROOT_CLASS = YES_ERROR;
				CLANG_WARN_SUSPICIOUS_MOVES = YES;
				CLANG_WARN_UNREACHABLE_CODE = YES;
				CLANG_WARN__DUPLICATE_METHOD_MATCH = YES;
				"CODE_SIGN_IDENTITY[sdk=iphoneos*]" = "iPhone Developer";
				COPY_PHASE_STRIP = NO;
				DEBUG_INFORMATION_FORMAT = "dwarf-with-dsym";
				ENABLE_NS_ASSERTIONS = NO;
				ENABLE_STRICT_OBJC_MSGSEND = YES;
				GCC_C_LANGUAGE_STANDARD = gnu99;
				GCC_NO_COMMON_BLOCKS = YES;
				GCC_WARN_64_TO_32_BIT_CONVERSION = YES;
				GCC_WARN_ABOUT_RETURN_TYPE = YES_ERROR;
				GCC_WARN_UNDECLARED_SELECTOR = YES;
				GCC_WARN_UNINITIALIZED_AUTOS = YES_AGGRESSIVE;
				GCC_WARN_UNUSED_FUNCTION = YES;
				GCC_WARN_UNUSED_VARIABLE = YES;
				IPHONEOS_DEPLOYMENT_TARGET = 9.3;
				MTL_ENABLE_DEBUG_INFO = NO;
				SDKROOT = iphoneos;
				SWIFT_OPTIMIZATION_LEVEL = "-Owholemodule";
				TARGETED_DEVICE_FAMILY = "1,2";
				VALIDATE_PRODUCT = YES;
			};
			name = Release;
		};
		1F733FF21DBBE5AA00613A06 /* Debug */ = {
			isa = XCBuildConfiguration;
			baseConfigurationReference = 54386F57710AF7677645988F /* Pods-LightUUp.debug.xcconfig */;
			buildSettings = {
				ASSETCATALOG_COMPILER_APPICON_NAME = AppIcon;
				DEVELOPMENT_TEAM = 8ZBZEMF37H;
				INFOPLIST_FILE = LightUUp/Info.plist;
				IPHONEOS_DEPLOYMENT_TARGET = 9.3;
				LD_RUNPATH_SEARCH_PATHS = "$(inherited) @executable_path/Frameworks";
				PRODUCT_BUNDLE_IDENTIFIER = com.fabianehlert.LightUUp;
				PRODUCT_NAME = "$(TARGET_NAME)";
				SWIFT_VERSION = 3.0;
			};
			name = Debug;
		};
		1F733FF31DBBE5AA00613A06 /* Release */ = {
			isa = XCBuildConfiguration;
			baseConfigurationReference = FE81C91D9C8CCE4864C86D95 /* Pods-LightUUp.release.xcconfig */;
			buildSettings = {
				ASSETCATALOG_COMPILER_APPICON_NAME = AppIcon;
				DEVELOPMENT_TEAM = 8ZBZEMF37H;
				INFOPLIST_FILE = LightUUp/Info.plist;
				IPHONEOS_DEPLOYMENT_TARGET = 9.3;
				LD_RUNPATH_SEARCH_PATHS = "$(inherited) @executable_path/Frameworks";
				PRODUCT_BUNDLE_IDENTIFIER = com.fabianehlert.LightUUp;
				PRODUCT_NAME = "$(TARGET_NAME)";
				SWIFT_VERSION = 3.0;
			};
			name = Release;
		};
/* End XCBuildConfiguration section */

/* Begin XCConfigurationList section */
		1F733FDA1DBBE5AA00613A06 /* Build configuration list for PBXProject "LightUUp" */ = {
			isa = XCConfigurationList;
			buildConfigurations = (
				1F733FEF1DBBE5AA00613A06 /* Debug */,
				1F733FF01DBBE5AA00613A06 /* Release */,
			);
			defaultConfigurationIsVisible = 0;
			defaultConfigurationName = Release;
		};
		1F733FF11DBBE5AA00613A06 /* Build configuration list for PBXNativeTarget "LightUUp" */ = {
			isa = XCConfigurationList;
			buildConfigurations = (
				1F733FF21DBBE5AA00613A06 /* Debug */,
				1F733FF31DBBE5AA00613A06 /* Release */,
			);
			defaultConfigurationIsVisible = 0;
			defaultConfigurationName = Release;
		};
/* End XCConfigurationList section */
	};
	rootObject = 1F733FD71DBBE5AA00613A06 /* Project object */;
}
