// !$*UTF8*$!
{
	archiveVersion = 1;
	classes = {
	};
	objectVersion = 46;
	objects = {

/* Begin PBXBuildFile section */
		1F48DB181DBCCBAA00BA2EB6 /* Assets.xcassets in Resources */ = {isa = PBXBuildFile; fileRef = 1F48DB171DBCCBAA00BA2EB6 /* Assets.xcassets */; };
		1FB347B51DBE211C00DC5C7F /* AppDelegate.swift in Sources */ = {isa = PBXBuildFile; fileRef = 1FB347B41DBE211C00DC5C7F /* AppDelegate.swift */; };
		1FB347B71DBE212200DC5C7F /* ViewController.swift in Sources */ = {isa = PBXBuildFile; fileRef = 1FB347B61DBE212200DC5C7F /* ViewController.swift */; };
		1FB347B91DBE212A00DC5C7F /* LightView.swift in Sources */ = {isa = PBXBuildFile; fileRef = 1FB347B81DBE212A00DC5C7F /* LightView.swift */; };
		1FB347BB1DBE213A00DC5C7F /* Light.swift in Sources */ = {isa = PBXBuildFile; fileRef = 1FB347BA1DBE213A00DC5C7F /* Light.swift */; };
		1FB347C01DBE216B00DC5C7F /* LaunchScreen.storyboard in Resources */ = {isa = PBXBuildFile; fileRef = 1FB347BE1DBE216B00DC5C7F /* LaunchScreen.storyboard */; };
		1FB347C11DBE216B00DC5C7F /* Main.storyboard in Resources */ = {isa = PBXBuildFile; fileRef = 1FB347BF1DBE216B00DC5C7F /* Main.storyboard */; };
		1FF58C8D1DBE28CC003D0784 /* Strings.swift in Sources */ = {isa = PBXBuildFile; fileRef = 1FF58C8C1DBE28CC003D0784 /* Strings.swift */; };
		660CF22C3E10C2811CBB20B1 /* Pods_Lightsy.framework in Frameworks */ = {isa = PBXBuildFile; fileRef = 3FB746C802D32A755C957FF3 /* Pods_Lightsy.framework */; };
/* End PBXBuildFile section */

/* Begin PBXFileReference section */
		1382917B9232120DF66022AB /* Pods-Lightsy.debug.xcconfig */ = {isa = PBXFileReference; includeInIndex = 1; lastKnownFileType = text.xcconfig; name = "Pods-Lightsy.debug.xcconfig"; path = "Pods/Target Support Files/Pods-Lightsy/Pods-Lightsy.debug.xcconfig"; sourceTree = "<group>"; };
		1F48DB171DBCCBAA00BA2EB6 /* Assets.xcassets */ = {isa = PBXFileReference; lastKnownFileType = folder.assetcatalog; name = Assets.xcassets; path = Resources/Assets.xcassets; sourceTree = SOURCE_ROOT; };
		1F733FDF1DBBE5AA00613A06 /* Lightsy.app */ = {isa = PBXFileReference; explicitFileType = wrapper.application; includeInIndex = 0; path = Lightsy.app; sourceTree = BUILT_PRODUCTS_DIR; };
		1FB347B41DBE211C00DC5C7F /* AppDelegate.swift */ = {isa = PBXFileReference; fileEncoding = 4; lastKnownFileType = sourcecode.swift; name = AppDelegate.swift; path = Lightsy/AppDelegate.swift; sourceTree = SOURCE_ROOT; };
		1FB347B61DBE212200DC5C7F /* ViewController.swift */ = {isa = PBXFileReference; fileEncoding = 4; lastKnownFileType = sourcecode.swift; name = ViewController.swift; path = Lightsy/ViewController.swift; sourceTree = SOURCE_ROOT; };
		1FB347B81DBE212A00DC5C7F /* LightView.swift */ = {isa = PBXFileReference; fileEncoding = 4; lastKnownFileType = sourcecode.swift; name = LightView.swift; path = Lightsy/Views/LightView.swift; sourceTree = SOURCE_ROOT; };
		1FB347BA1DBE213A00DC5C7F /* Light.swift */ = {isa = PBXFileReference; fileEncoding = 4; lastKnownFileType = sourcecode.swift; name = Light.swift; path = Lightsy/Models/Light.swift; sourceTree = SOURCE_ROOT; };
		1FB347BC1DBE214500DC5C7F /* Info.plist */ = {isa = PBXFileReference; fileEncoding = 4; lastKnownFileType = text.plist.xml; name = Info.plist; path = Lightsy/Info.plist; sourceTree = SOURCE_ROOT; };
		1FB347BE1DBE216B00DC5C7F /* LaunchScreen.storyboard */ = {isa = PBXFileReference; fileEncoding = 4; lastKnownFileType = file.storyboard; name = LaunchScreen.storyboard; path = Lightsy/Storyboards/LaunchScreen.storyboard; sourceTree = SOURCE_ROOT; };
		1FB347BF1DBE216B00DC5C7F /* Main.storyboard */ = {isa = PBXFileReference; fileEncoding = 4; lastKnownFileType = file.storyboard; name = Main.storyboard; path = Lightsy/Storyboards/Main.storyboard; sourceTree = SOURCE_ROOT; };
		1FF58C8C1DBE28CC003D0784 /* Strings.swift */ = {isa = PBXFileReference; fileEncoding = 4; lastKnownFileType = sourcecode.swift; name = Strings.swift; path = Resources/Strings.swift; sourceTree = SOURCE_ROOT; };
		3FB746C802D32A755C957FF3 /* Pods_Lightsy.framework */ = {isa = PBXFileReference; explicitFileType = wrapper.framework; includeInIndex = 0; path = Pods_Lightsy.framework; sourceTree = BUILT_PRODUCTS_DIR; };
		6CE4B7E6647C11467D258274 /* Pods-Lightsy.release.xcconfig */ = {isa = PBXFileReference; includeInIndex = 1; lastKnownFileType = text.xcconfig; name = "Pods-Lightsy.release.xcconfig"; path = "Pods/Target Support Files/Pods-Lightsy/Pods-Lightsy.release.xcconfig"; sourceTree = "<group>"; };
/* End PBXFileReference section */

/* Begin PBXFrameworksBuildPhase section */
		1F733FDC1DBBE5AA00613A06 /* Frameworks */ = {
			isa = PBXFrameworksBuildPhase;
			buildActionMask = 2147483647;
			files = (
				660CF22C3E10C2811CBB20B1 /* Pods_Lightsy.framework in Frameworks */,
			);
			runOnlyForDeploymentPostprocessing = 0;
		};
/* End PBXFrameworksBuildPhase section */

/* Begin PBXGroup section */
		1F48DB1A1DBCCE5300BA2EB6 /* Storyboards */ = {
			isa = PBXGroup;
			children = (
				1FB347BF1DBE216B00DC5C7F /* Main.storyboard */,
				1FB347BE1DBE216B00DC5C7F /* LaunchScreen.storyboard */,
			);
			name = Storyboards;
			sourceTree = "<group>";
		};
		1F48DB1B1DBCCE8000BA2EB6 /* Views */ = {
			isa = PBXGroup;
			children = (
				1FB347B81DBE212A00DC5C7F /* LightView.swift */,
			);
			name = Views;
			sourceTree = "<group>";
		};
		1F48DB1C1DBCD06900BA2EB6 /* Models */ = {
			isa = PBXGroup;
			children = (
				1FB347BA1DBE213A00DC5C7F /* Light.swift */,
			);
			name = Models;
			sourceTree = "<group>";
		};
		1F733FD61DBBE5AA00613A06 = {
			isa = PBXGroup;
			children = (
				1F733FE11DBBE5AA00613A06 /* Lightsy */,
				1F733FE01DBBE5AA00613A06 /* Products */,
				295F691AE624D01B89928976 /* Pods */,
				D68CF7496CF390370996C607 /* Frameworks */,
			);
			sourceTree = "<group>";
		};
		1F733FE01DBBE5AA00613A06 /* Products */ = {
			isa = PBXGroup;
			children = (
				1F733FDF1DBBE5AA00613A06 /* Lightsy.app */,
			);
			name = Products;
			sourceTree = "<group>";
		};
		1F733FE11DBBE5AA00613A06 /* Lightsy */ = {
			isa = PBXGroup;
			children = (
				1FB347B41DBE211C00DC5C7F /* AppDelegate.swift */,
				1FB347B61DBE212200DC5C7F /* ViewController.swift */,
				1F48DB1B1DBCCE8000BA2EB6 /* Views */,
				1F48DB1C1DBCD06900BA2EB6 /* Models */,
				1F48DB1A1DBCCE5300BA2EB6 /* Storyboards */,
				1FF58C8B1DBE28BA003D0784 /* Resources */,
				1FB347BC1DBE214500DC5C7F /* Info.plist */,
			);
			name = Lightsy;
			path = LightUUp;
			sourceTree = "<group>";
		};
		1FF58C8B1DBE28BA003D0784 /* Resources */ = {
			isa = PBXGroup;
			children = (
				1F48DB171DBCCBAA00BA2EB6 /* Assets.xcassets */,
				1FF58C8C1DBE28CC003D0784 /* Strings.swift */,
			);
			name = Resources;
			sourceTree = "<group>";
		};
		295F691AE624D01B89928976 /* Pods */ = {
			isa = PBXGroup;
			children = (
				1382917B9232120DF66022AB /* Pods-Lightsy.debug.xcconfig */,
				6CE4B7E6647C11467D258274 /* Pods-Lightsy.release.xcconfig */,
			);
			name = Pods;
			sourceTree = "<group>";
		};
		D68CF7496CF390370996C607 /* Frameworks */ = {
			isa = PBXGroup;
			children = (
				3FB746C802D32A755C957FF3 /* Pods_Lightsy.framework */,
			);
			name = Frameworks;
			sourceTree = "<group>";
		};
/* End PBXGroup section */

/* Begin PBXNativeTarget section */
		1F733FDE1DBBE5AA00613A06 /* Lightsy */ = {
			isa = PBXNativeTarget;
			buildConfigurationList = 1F733FF11DBBE5AA00613A06 /* Build configuration list for PBXNativeTarget "Lightsy" */;
			buildPhases = (
				36135F286248926FAF46A30D /* [CP] Check Pods Manifest.lock */,
				1F733FDB1DBBE5AA00613A06 /* Sources */,
				1F733FDC1DBBE5AA00613A06 /* Frameworks */,
				1F733FDD1DBBE5AA00613A06 /* Resources */,
				6FA3AE9FF0DCB8CB2986407B /* [CP] Embed Pods Frameworks */,
				6B5E18257B3459BC030F61A3 /* [CP] Copy Pods Resources */,
			);
			buildRules = (
			);
			dependencies = (
			);
			name = Lightsy;
			productName = LightUUp;
			productReference = 1F733FDF1DBBE5AA00613A06 /* Lightsy.app */;
			productType = "com.apple.product-type.application";
		};
/* End PBXNativeTarget section */

/* Begin PBXProject section */
		1F733FD71DBBE5AA00613A06 /* Project object */ = {
			isa = PBXProject;
			attributes = {
				LastSwiftUpdateCheck = 0800;
				LastUpgradeCheck = 0810;
				ORGANIZATIONNAME = "Fabian Ehlert";
				TargetAttributes = {
					1F733FDE1DBBE5AA00613A06 = {
						CreatedOnToolsVersion = 8.0;
						DevelopmentTeam = 8ZBZEMF37H;
						ProvisioningStyle = Automatic;
					};
				};
			};
			buildConfigurationList = 1F733FDA1DBBE5AA00613A06 /* Build configuration list for PBXProject "Lightsy" */;
			compatibilityVersion = "Xcode 3.2";
			developmentRegion = English;
			hasScannedForEncodings = 0;
			knownRegions = (
				en,
				Base,
			);
			mainGroup = 1F733FD61DBBE5AA00613A06;
			productRefGroup = 1F733FE01DBBE5AA00613A06 /* Products */;
			projectDirPath = "";
			projectRoot = "";
			targets = (
				1F733FDE1DBBE5AA00613A06 /* Lightsy */,
			);
		};
/* End PBXProject section */

/* Begin PBXResourcesBuildPhase section */
		1F733FDD1DBBE5AA00613A06 /* Resources */ = {
			isa = PBXResourcesBuildPhase;
			buildActionMask = 2147483647;
			files = (
				1FB347C01DBE216B00DC5C7F /* LaunchScreen.storyboard in Resources */,
				1F48DB181DBCCBAA00BA2EB6 /* Assets.xcassets in Resources */,
				1FB347C11DBE216B00DC5C7F /* Main.storyboard in Resources */,
			);
			runOnlyForDeploymentPostprocessing = 0;
		};
/* End PBXResourcesBuildPhase section */

/* Begin PBXShellScriptBuildPhase section */
		36135F286248926FAF46A30D /* [CP] Check Pods Manifest.lock */ = {
			isa = PBXShellScriptBuildPhase;
			buildActionMask = 2147483647;
			files = (
			);
			inputPaths = (
			);
			name = "[CP] Check Pods Manifest.lock";
			outputPaths = (
			);
			runOnlyForDeploymentPostprocessing = 0;
			shellPath = /bin/sh;
			shellScript = "diff \"${PODS_ROOT}/../Podfile.lock\" \"${PODS_ROOT}/Manifest.lock\" > /dev/null\nif [ $? != 0 ] ; then\n    # print error to STDERR\n    echo \"error: The sandbox is not in sync with the Podfile.lock. Run 'pod install' or update your CocoaPods installation.\" >&2\n    exit 1\nfi\n";
			showEnvVarsInLog = 0;
		};
		6B5E18257B3459BC030F61A3 /* [CP] Copy Pods Resources */ = {
			isa = PBXShellScriptBuildPhase;
			buildActionMask = 2147483647;
			files = (
			);
			inputPaths = (
			);
			name = "[CP] Copy Pods Resources";
			outputPaths = (
			);
			runOnlyForDeploymentPostprocessing = 0;
			shellPath = /bin/sh;
			shellScript = "\"${SRCROOT}/Pods/Target Support Files/Pods-Lightsy/Pods-Lightsy-resources.sh\"\n";
			showEnvVarsInLog = 0;
		};
		6FA3AE9FF0DCB8CB2986407B /* [CP] Embed Pods Frameworks */ = {
			isa = PBXShellScriptBuildPhase;
			buildActionMask = 2147483647;
			files = (
			);
			inputPaths = (
			);
			name = "[CP] Embed Pods Frameworks";
			outputPaths = (
			);
			runOnlyForDeploymentPostprocessing = 0;
			shellPath = /bin/sh;
			shellScript = "\"${SRCROOT}/Pods/Target Support Files/Pods-Lightsy/Pods-Lightsy-frameworks.sh\"\n";
			showEnvVarsInLog = 0;
		};
/* End PBXShellScriptBuildPhase section */

/* Begin PBXSourcesBuildPhase section */
		1F733FDB1DBBE5AA00613A06 /* Sources */ = {
			isa = PBXSourcesBuildPhase;
			buildActionMask = 2147483647;
			files = (
				1FB347B51DBE211C00DC5C7F /* AppDelegate.swift in Sources */,
				1FB347B91DBE212A00DC5C7F /* LightView.swift in Sources */,
				1FF58C8D1DBE28CC003D0784 /* Strings.swift in Sources */,
				1FB347BB1DBE213A00DC5C7F /* Light.swift in Sources */,
				1FB347B71DBE212200DC5C7F /* ViewController.swift in Sources */,
			);
			runOnlyForDeploymentPostprocessing = 0;
		};
/* End PBXSourcesBuildPhase section */

/* Begin XCBuildConfiguration section */
		1F733FEF1DBBE5AA00613A06 /* Debug */ = {
			isa = XCBuildConfiguration;
			buildSettings = {
				ALWAYS_SEARCH_USER_PATHS = NO;
				CLANG_ANALYZER_NONNULL = YES;
				CLANG_CXX_LANGUAGE_STANDARD = "gnu++0x";
				CLANG_CXX_LIBRARY = "libc++";
				CLANG_ENABLE_MODULES = YES;
				CLANG_ENABLE_OBJC_ARC = YES;
				CLANG_WARN_BOOL_CONVERSION = YES;
				CLANG_WARN_CONSTANT_CONVERSION = YES;
				CLANG_WARN_DIRECT_OBJC_ISA_USAGE = YES_ERROR;
				CLANG_WARN_DOCUMENTATION_COMMENTS = YES;
				CLANG_WARN_EMPTY_BODY = YES;
				CLANG_WARN_ENUM_CONVERSION = YES;
				CLANG_WARN_INFINITE_RECURSION = YES;
				CLANG_WARN_INT_CONVERSION = YES;
				CLANG_WARN_OBJC_ROOT_CLASS = YES_ERROR;
				CLANG_WARN_SUSPICIOUS_MOVE = YES;
				CLANG_WARN_SUSPICIOUS_MOVES = YES;
				CLANG_WARN_UNREACHABLE_CODE = YES;
				CLANG_WARN__DUPLICATE_METHOD_MATCH = YES;
				"CODE_SIGN_IDENTITY[sdk=iphoneos*]" = "iPhone Developer";
				COPY_PHASE_STRIP = NO;
				DEBUG_INFORMATION_FORMAT = dwarf;
				ENABLE_STRICT_OBJC_MSGSEND = YES;
				ENABLE_TESTABILITY = YES;
				GCC_C_LANGUAGE_STANDARD = gnu99;
				GCC_DYNAMIC_NO_PIC = NO;
				GCC_NO_COMMON_BLOCKS = YES;
				GCC_OPTIMIZATION_LEVEL = 0;
				GCC_PREPROCESSOR_DEFINITIONS = (
					"DEBUG=1",
					"$(inherited)",
				);
				GCC_WARN_64_TO_32_BIT_CONVERSION = YES;
				GCC_WARN_ABOUT_RETURN_TYPE = YES_ERROR;
				GCC_WARN_UNDECLARED_SELECTOR = YES;
				GCC_WARN_UNINITIALIZED_AUTOS = YES_AGGRESSIVE;
				GCC_WARN_UNUSED_FUNCTION = YES;
				GCC_WARN_UNUSED_VARIABLE = YES;
				IPHONEOS_DEPLOYMENT_TARGET = 8.2;
				MTL_ENABLE_DEBUG_INFO = YES;
				ONLY_ACTIVE_ARCH = YES;
				SDKROOT = iphoneos;
				SWIFT_ACTIVE_COMPILATION_CONDITIONS = DEBUG;
				SWIFT_OPTIMIZATION_LEVEL = "-Onone";
				TARGETED_DEVICE_FAMILY = "1,2";
			};
			name = Debug;
		};
		1F733FF01DBBE5AA00613A06 /* Release */ = {
			isa = XCBuildConfiguration;
			buildSettings = {
				ALWAYS_SEARCH_USER_PATHS = NO;
				CLANG_ANALYZER_NONNULL = YES;
				CLANG_CXX_LANGUAGE_STANDARD = "gnu++0x";
				CLANG_CXX_LIBRARY = "libc++";
				CLANG_ENABLE_MODULES = YES;
				CLANG_ENABLE_OBJC_ARC = YES;
				CLANG_WARN_BOOL_CONVERSION = YES;
				CLANG_WARN_CONSTANT_CONVERSION = YES;
				CLANG_WARN_DIRECT_OBJC_ISA_USAGE = YES_ERROR;
				CLANG_WARN_DOCUMENTATION_COMMENTS = YES;
				CLANG_WARN_EMPTY_BODY = YES;
				CLANG_WARN_ENUM_CONVERSION = YES;
				CLANG_WARN_INFINITE_RECURSION = YES;
				CLANG_WARN_INT_CONVERSION = YES;
				CLANG_WARN_OBJC_ROOT_CLASS = YES_ERROR;
				CLANG_WARN_SUSPICIOUS_MOVE = YES;
				CLANG_WARN_SUSPICIOUS_MOVES = YES;
				CLANG_WARN_UNREACHABLE_CODE = YES;
				CLANG_WARN__DUPLICATE_METHOD_MATCH = YES;
				"CODE_SIGN_IDENTITY[sdk=iphoneos*]" = "iPhone Developer";
				COPY_PHASE_STRIP = NO;
				DEBUG_INFORMATION_FORMAT = "dwarf-with-dsym";
				ENABLE_NS_ASSERTIONS = NO;
				ENABLE_STRICT_OBJC_MSGSEND = YES;
				GCC_C_LANGUAGE_STANDARD = gnu99;
				GCC_NO_COMMON_BLOCKS = YES;
				GCC_WARN_64_TO_32_BIT_CONVERSION = YES;
				GCC_WARN_ABOUT_RETURN_TYPE = YES_ERROR;
				GCC_WARN_UNDECLARED_SELECTOR = YES;
				GCC_WARN_UNINITIALIZED_AUTOS = YES_AGGRESSIVE;
				GCC_WARN_UNUSED_FUNCTION = YES;
				GCC_WARN_UNUSED_VARIABLE = YES;
				IPHONEOS_DEPLOYMENT_TARGET = 8.2;
				MTL_ENABLE_DEBUG_INFO = NO;
				SDKROOT = iphoneos;
				SWIFT_OPTIMIZATION_LEVEL = "-Owholemodule";
				TARGETED_DEVICE_FAMILY = "1,2";
				VALIDATE_PRODUCT = YES;
			};
			name = Release;
		};
		1F733FF21DBBE5AA00613A06 /* Debug */ = {
			isa = XCBuildConfiguration;
			baseConfigurationReference = 1382917B9232120DF66022AB /* Pods-Lightsy.debug.xcconfig */;
			buildSettings = {
				ALWAYS_EMBED_SWIFT_STANDARD_LIBRARIES = YES;
				ASSETCATALOG_COMPILER_APPICON_NAME = AppIcon;
				DEVELOPMENT_TEAM = 8ZBZEMF37H;
				INFOPLIST_FILE = "$(SRCROOT)/Lightsy/Info.plist";
				IPHONEOS_DEPLOYMENT_TARGET = 8.2;
				LD_RUNPATH_SEARCH_PATHS = "$(inherited) @executable_path/Frameworks";
				PRODUCT_BUNDLE_IDENTIFIER = com.fabianehlert.Lightsy;
				PRODUCT_NAME = "$(TARGET_NAME)";
				SWIFT_VERSION = 3.0;
			};
			name = Debug;
		};
		1F733FF31DBBE5AA00613A06 /* Release */ = {
			isa = XCBuildConfiguration;
			baseConfigurationReference = 6CE4B7E6647C11467D258274 /* Pods-Lightsy.release.xcconfig */;
			buildSettings = {
				ALWAYS_EMBED_SWIFT_STANDARD_LIBRARIES = YES;
				ASSETCATALOG_COMPILER_APPICON_NAME = AppIcon;
				DEVELOPMENT_TEAM = 8ZBZEMF37H;
				INFOPLIST_FILE = "$(SRCROOT)/Lightsy/Info.plist";
				IPHONEOS_DEPLOYMENT_TARGET = 8.2;
				LD_RUNPATH_SEARCH_PATHS = "$(inherited) @executable_path/Frameworks";
				PRODUCT_BUNDLE_IDENTIFIER = com.fabianehlert.Lightsy;
				PRODUCT_NAME = "$(TARGET_NAME)";
				SWIFT_VERSION = 3.0;
			};
			name = Release;
		};
/* End XCBuildConfiguration section */

/* Begin XCConfigurationList section */
		1F733FDA1DBBE5AA00613A06 /* Build configuration list for PBXProject "Lightsy" */ = {
			isa = XCConfigurationList;
			buildConfigurations = (
				1F733FEF1DBBE5AA00613A06 /* Debug */,
				1F733FF01DBBE5AA00613A06 /* Release */,
			);
			defaultConfigurationIsVisible = 0;
			defaultConfigurationName = Release;
		};
		1F733FF11DBBE5AA00613A06 /* Build configuration list for PBXNativeTarget "Lightsy" */ = {
			isa = XCConfigurationList;
			buildConfigurations = (
				1F733FF21DBBE5AA00613A06 /* Debug */,
				1F733FF31DBBE5AA00613A06 /* Release */,
			);
			defaultConfigurationIsVisible = 0;
			defaultConfigurationName = Release;
		};
/* End XCConfigurationList section */
	};
	rootObject = 1F733FD71DBBE5AA00613A06 /* Project object */;
}
